
Microsoft Visual Studio Solution File, Format Version 12.00
# Visual Studio Version 17
VisualStudioVersion = 17.11.35327.3
MinimumVisualStudioVersion = 10.0.40219.1
Project("{FAE04EC0-301F-11D3-BF4B-00C04F79EFBC}") = "комерческие приложения", "комерческие приложения\комерческие приложения.csproj", "{883F4571-61DD-44E6-92A4-09F71DD82891}"
EndProject
Global
	GlobalSection(SolutionConfigurationPlatforms) = preSolution
		Debug|Any CPU = Debug|Any CPU
		Debug|x64 = Debug|x64
		Release|Any CPU = Release|Any CPU
		Release|x64 = Release|x64
	EndGlobalSection
	GlobalSection(ProjectConfigurationPlatforms) = postSolution
		{883F4571-61DD-44E6-92A4-09F71DD82891}.Debug|Any CPU.ActiveCfg = Debug|Any CPU
		{883F4571-61DD-44E6-92A4-09F71DD82891}.Debug|Any CPU.Build.0 = Debug|Any CPU
		{883F4571-61DD-44E6-92A4-09F71DD82891}.Debug|x64.ActiveCfg = Debug|x64
		{883F4571-61DD-44E6-92A4-09F71DD82891}.Debug|x64.Build.0 = Debug|x64
		{883F4571-61DD-44E6-92A4-09F71DD82891}.Release|Any CPU.ActiveCfg = Release|Any CPU
		{883F4571-61DD-44E6-92A4-09F71DD82891}.Release|Any CPU.Build.0 = Release|Any CPU
		{883F4571-61DD-44E6-92A4-09F71DD82891}.Release|x64.ActiveCfg = Release|x64
		{883F4571-61DD-44E6-92A4-09F71DD82891}.Release|x64.Build.0 = Release|x64
	EndGlobalSection
	GlobalSection(SolutionProperties) = preSolution
		HideSolutionNode = FALSE
	EndGlobalSection
	GlobalSection(ExtensibilityGlobals) = postSolution
		SolutionGuid = {8C61B4F4-787C-4D6A-A07A-E61D783CEE6E}
	EndGlobalSection
EndGlobal
